// !$*UTF8*$!
{
	archiveVersion = 1;
	classes = {
	};
	objectVersion = 55;
	objects = {

/* Begin PBXBuildFile section */
		0A52DB91285E531B00F79AE7 /* Ext+Array.swift in Sources */ = {isa = PBXBuildFile; fileRef = B646B6E3285C3946001AB323 /* Ext+Array.swift */; };
		0A52DB92285E531B00F79AE7 /* UIPreviewView.swift in Sources */ = {isa = PBXBuildFile; fileRef = 0A0D27A52858F8E2004995CB /* UIPreviewView.swift */; };
		0A52DB93285E531B00F79AE7 /* GameSession.swift in Sources */ = {isa = PBXBuildFile; fileRef = B33429202857677F008600DB /* GameSession.swift */; };
		0A52DB94285E531B00F79AE7 /* GameDatabase.swift in Sources */ = {isa = PBXBuildFile; fileRef = B33429142857614E008600DB /* GameDatabase.swift */; };
		0A52DB95285E531B00F79AE7 /* GameDelegate.swift in Sources */ = {isa = PBXBuildFile; fileRef = B3342934285CB060008600DB /* GameDelegate.swift */; };
		0A52DB96285E531B00F79AE7 /* AnimalQuestion.swift in Sources */ = {isa = PBXBuildFile; fileRef = B334293C285DD8EA008600DB /* AnimalQuestion.swift */; };
		0A52DB97285E531B00F79AE7 /* FigureQuestion.swift in Sources */ = {isa = PBXBuildFile; fileRef = B334292E285778E7008600DB /* FigureQuestion.swift */; };
		0A52DB98285E531B00F79AE7 /* CountQuestion.swift in Sources */ = {isa = PBXBuildFile; fileRef = B334292A28577441008600DB /* CountQuestion.swift */; };
		0A52DB99285E531B00F79AE7 /* ColorQuestion.swift in Sources */ = {isa = PBXBuildFile; fileRef = B334292828577278008600DB /* ColorQuestion.swift */; };
		0A52DB9A285E531B00F79AE7 /* AnimalCard.swift in Sources */ = {isa = PBXBuildFile; fileRef = B3342918285761F5008600DB /* AnimalCard.swift */; };
		0A52DB9B285E531B00F79AE7 /* ColorCard.swift in Sources */ = {isa = PBXBuildFile; fileRef = B334291A28576210008600DB /* ColorCard.swift */; };
		0A52DB9C285E531B00F79AE7 /* CountCard.swift in Sources */ = {isa = PBXBuildFile; fileRef = B334291C28576224008600DB /* CountCard.swift */; };
		0A52DB9D285E531B00F79AE7 /* FigureCard.swift in Sources */ = {isa = PBXBuildFile; fileRef = B334291E28576234008600DB /* FigureCard.swift */; };
		0A52DB9E285E531B00F79AE7 /* CardProtocol.swift in Sources */ = {isa = PBXBuildFile; fileRef = B334292428576EB0008600DB /* CardProtocol.swift */; };
		0A52DB9F285E531B00F79AE7 /* QuestionProtocol.swift in Sources */ = {isa = PBXBuildFile; fileRef = B334292C2857748B008600DB /* QuestionProtocol.swift */; };
		0A52DBA1285E531B00F79AE7 /* GameStrategy.swift in Sources */ = {isa = PBXBuildFile; fileRef = B334293A285DD670008600DB /* GameStrategy.swift */; };
		0A52DBA2285E531B00F79AE7 /* GameViewControllerBuilder.swift in Sources */ = {isa = PBXBuildFile; fileRef = B3342937285CD87B008600DB /* GameViewControllerBuilder.swift */; };
		0A52DBA4285E531B00F79AE7 /* ObservableOptions.swift in Sources */ = {isa = PBXBuildFile; fileRef = B334291028576050008600DB /* ObservableOptions.swift */; };
		0A52DBA5285E531B00F79AE7 /* Observable.swift in Sources */ = {isa = PBXBuildFile; fileRef = B334290E2857603C008600DB /* Observable.swift */; };
		0A52DBA6285E531B00F79AE7 /* AnswerCell.swift in Sources */ = {isa = PBXBuildFile; fileRef = 0A7A85B7285BC75A00D23883 /* AnswerCell.swift */; };
		0A52DBA7285E531B00F79AE7 /* GameAnswersView.swift in Sources */ = {isa = PBXBuildFile; fileRef = 0A7A85BA285BC83F00D23883 /* GameAnswersView.swift */; };
		0A52DBA8285E531B00F79AE7 /* GameAnswersViewController.swift in Sources */ = {isa = PBXBuildFile; fileRef = 0A7A85BC285BC9D000D23883 /* GameAnswersViewController.swift */; };
		0A52DBA9285E531B00F79AE7 /* AnswersCollectionViewLayout.swift in Sources */ = {isa = PBXBuildFile; fileRef = 0A52DB7F285E2EBF00F79AE7 /* AnswersCollectionViewLayout.swift */; };
		0A52DBAD285E531B00F79AE7 /* GameQuestionViewController.swift in Sources */ = {isa = PBXBuildFile; fileRef = 0A7A85B4285BC12500D23883 /* GameQuestionViewController.swift */; };
		0A52DBAF285E531B00F79AE7 /* GameViewController.swift in Sources */ = {isa = PBXBuildFile; fileRef = 0A7A85AB285BBFB500D23883 /* GameViewController.swift */; };
		0A52DBB0285E531B00F79AE7 /* GameMenuViewController.swift in Sources */ = {isa = PBXBuildFile; fileRef = B33428CD28575CD4008600DB /* GameMenuViewController.swift */; };
		0A52DBB1285E531B00F79AE7 /* GameItemView.swift in Sources */ = {isa = PBXBuildFile; fileRef = 0A0D27A72858FF00004995CB /* GameItemView.swift */; };
		0A52DBB2285E531B00F79AE7 /* StartGameButton.swift in Sources */ = {isa = PBXBuildFile; fileRef = 0A0D27A928590D48004995CB /* StartGameButton.swift */; };
		0A52DBB3285E531B00F79AE7 /* AppDelegate.swift in Sources */ = {isa = PBXBuildFile; fileRef = B33428C928575CD4008600DB /* AppDelegate.swift */; };
		0A52DBB4285E531B00F79AE7 /* SceneDelegate.swift in Sources */ = {isa = PBXBuildFile; fileRef = B33428CB28575CD4008600DB /* SceneDelegate.swift */; };
		0A52DBBC285E547600F79AE7 /* Ext+UIColor.swift in Sources */ = {isa = PBXBuildFile; fileRef = 0A52DBBB285E547600F79AE7 /* Ext+UIColor.swift */; };
		0A8D54A7285F714D0054B9B0 /* rodent.mp3 in Resources */ = {isa = PBXBuildFile; fileRef = 0A8D547D285F70EF0054B9B0 /* rodent.mp3 */; };
		0A8D54A8285F714D0054B9B0 /* monkey.mp3 in Resources */ = {isa = PBXBuildFile; fileRef = 0A8D547E285F70EF0054B9B0 /* monkey.mp3 */; };
		0A8D54A9285F714D0054B9B0 /* bear.mp3 in Resources */ = {isa = PBXBuildFile; fileRef = 0A8D547F285F70EF0054B9B0 /* bear.mp3 */; };
		0A8D54AA285F714D0054B9B0 /* snake.mp3 in Resources */ = {isa = PBXBuildFile; fileRef = 0A8D5480285F70EF0054B9B0 /* snake.mp3 */; };
		0A8D54AB285F714D0054B9B0 /* hedgehog.mp3 in Resources */ = {isa = PBXBuildFile; fileRef = 0A8D5481285F70EF0054B9B0 /* hedgehog.mp3 */; };
		0A8D54AC285F714D0054B9B0 /* goat.mp3 in Resources */ = {isa = PBXBuildFile; fileRef = 0A8D5482285F70EF0054B9B0 /* goat.mp3 */; };
		0A8D54AD285F714D0054B9B0 /* cat.mp3 in Resources */ = {isa = PBXBuildFile; fileRef = 0A8D5483285F70EF0054B9B0 /* cat.mp3 */; };
		0A8D54AE285F714D0054B9B0 /* wolf.mp3 in Resources */ = {isa = PBXBuildFile; fileRef = 0A8D5484285F70EF0054B9B0 /* wolf.mp3 */; };
		0A8D54AF285F714D0054B9B0 /* mouse.mp3 in Resources */ = {isa = PBXBuildFile; fileRef = 0A8D5485285F70EF0054B9B0 /* mouse.mp3 */; };
		0A8D54B0285F714D0054B9B0 /* horse.mp3 in Resources */ = {isa = PBXBuildFile; fileRef = 0A8D5486285F70EF0054B9B0 /* horse.mp3 */; };
		0A8D54B1285F714D0054B9B0 /* frog.mp3 in Resources */ = {isa = PBXBuildFile; fileRef = 0A8D5487285F70EF0054B9B0 /* frog.mp3 */; };
		0A8D54B2285F714D0054B9B0 /* chicken.mp3 in Resources */ = {isa = PBXBuildFile; fileRef = 0A8D5488285F70EF0054B9B0 /* chicken.mp3 */; };
		0A8D54B3285F714D0054B9B0 /* cow.mp3 in Resources */ = {isa = PBXBuildFile; fileRef = 0A8D5489285F70EF0054B9B0 /* cow.mp3 */; };
		0A8D54B4285F714D0054B9B0 /* camel.mp3 in Resources */ = {isa = PBXBuildFile; fileRef = 0A8D548A285F70EF0054B9B0 /* camel.mp3 */; };
		0A8D54B5285F714D0054B9B0 /* owl.mp3 in Resources */ = {isa = PBXBuildFile; fileRef = 0A8D548B285F70EF0054B9B0 /* owl.mp3 */; };
		0A8D54B6285F714D0054B9B0 /* donkey.mp3 in Resources */ = {isa = PBXBuildFile; fileRef = 0A8D548C285F70EF0054B9B0 /* donkey.mp3 */; };
		0A8D54B7285F714D0054B9B0 /* cuckoo.mp3 in Resources */ = {isa = PBXBuildFile; fileRef = 0A8D548D285F70EF0054B9B0 /* cuckoo.mp3 */; };
		0A8D54B8285F714D0054B9B0 /* parrot.mp3 in Resources */ = {isa = PBXBuildFile; fileRef = 0A8D548E285F70EF0054B9B0 /* parrot.mp3 */; };
		0A8D54B9285F714D0054B9B0 /* dog.mp3 in Resources */ = {isa = PBXBuildFile; fileRef = 0A8D548F285F70EF0054B9B0 /* dog.mp3 */; };
		0A8D54BA285F714D0054B9B0 /* elephant.mp3 in Resources */ = {isa = PBXBuildFile; fileRef = 0A8D5490285F70EF0054B9B0 /* elephant.mp3 */; };
		0A8D54BB285F714D0054B9B0 /* woodpecker.mp3 in Resources */ = {isa = PBXBuildFile; fileRef = 0A8D5491285F70EF0054B9B0 /* woodpecker.mp3 */; };
		0A8D54BD285FA2F00054B9B0 /* Ext+UIViewController.swift in Sources */ = {isa = PBXBuildFile; fileRef = 0A8D54BC285FA2F00054B9B0 /* Ext+UIViewController.swift */; };
		B33428D328575CD7008600DB /* Assets.xcassets in Resources */ = {isa = PBXBuildFile; fileRef = B33428D228575CD7008600DB /* Assets.xcassets */; };
		B33428D628575CD7008600DB /* LaunchScreen.storyboard in Resources */ = {isa = PBXBuildFile; fileRef = B33428D428575CD7008600DB /* LaunchScreen.storyboard */; };
		B33428E128575CD7008600DB /* InteractiveGameForBabiesTests.swift in Sources */ = {isa = PBXBuildFile; fileRef = B33428E028575CD7008600DB /* InteractiveGameForBabiesTests.swift */; };
		B33428EB28575CD7008600DB /* InteractiveGameForBabiesUITests.swift in Sources */ = {isa = PBXBuildFile; fileRef = B33428EA28575CD7008600DB /* InteractiveGameForBabiesUITests.swift */; };
		B33428ED28575CD7008600DB /* InteractiveGameForBabiesUITestsLaunchTests.swift in Sources */ = {isa = PBXBuildFile; fileRef = B33428EC28575CD7008600DB /* InteractiveGameForBabiesUITestsLaunchTests.swift */; };
		B621A9B5286502F80083DD6E /* Animation.swift in Sources */ = {isa = PBXBuildFile; fileRef = B621A9B4286502F80083DD6E /* Animation.swift */; };
		B652AC2A2862089700B621CF /* GameQuestionView.swift in Sources */ = {isa = PBXBuildFile; fileRef = B652AC292862089700B621CF /* GameQuestionView.swift */; };
/* End PBXBuildFile section */

/* Begin PBXContainerItemProxy section */
		B33428DD28575CD7008600DB /* PBXContainerItemProxy */ = {
			isa = PBXContainerItemProxy;
			containerPortal = B33428BE28575CD4008600DB /* Project object */;
			proxyType = 1;
			remoteGlobalIDString = B33428C528575CD4008600DB;
			remoteInfo = InteractiveGameForBabies;
		};
		B33428E728575CD7008600DB /* PBXContainerItemProxy */ = {
			isa = PBXContainerItemProxy;
			containerPortal = B33428BE28575CD4008600DB /* Project object */;
			proxyType = 1;
			remoteGlobalIDString = B33428C528575CD4008600DB;
			remoteInfo = InteractiveGameForBabies;
		};
/* End PBXContainerItemProxy section */

/* Begin PBXFileReference section */
		0A0D27A52858F8E2004995CB /* UIPreviewView.swift */ = {isa = PBXFileReference; lastKnownFileType = sourcecode.swift; path = UIPreviewView.swift; sourceTree = "<group>"; };
		0A0D27A72858FF00004995CB /* GameItemView.swift */ = {isa = PBXFileReference; lastKnownFileType = sourcecode.swift; path = GameItemView.swift; sourceTree = "<group>"; };
		0A0D27A928590D48004995CB /* StartGameButton.swift */ = {isa = PBXFileReference; lastKnownFileType = sourcecode.swift; path = StartGameButton.swift; sourceTree = "<group>"; };
		0A52DB7F285E2EBF00F79AE7 /* AnswersCollectionViewLayout.swift */ = {isa = PBXFileReference; lastKnownFileType = sourcecode.swift; path = AnswersCollectionViewLayout.swift; sourceTree = "<group>"; };
		0A52DBBB285E547600F79AE7 /* Ext+UIColor.swift */ = {isa = PBXFileReference; lastKnownFileType = sourcecode.swift; path = "Ext+UIColor.swift"; sourceTree = "<group>"; };
		0A52DBBD285E811400F79AE7 /* cow.mp3 */ = {isa = PBXFileReference; lastKnownFileType = audio.mp3; path = cow.mp3; sourceTree = "<group>"; };
		0A52DBC0285E892000F79AE7 /* donkey.mp3 */ = {isa = PBXFileReference; lastKnownFileType = audio.mp3; path = donkey.mp3; sourceTree = "<group>"; };
		0A52DBC1285E892000F79AE7 /* hourse.mp3 */ = {isa = PBXFileReference; lastKnownFileType = audio.mp3; path = hourse.mp3; sourceTree = "<group>"; };
		0A52DBC2285E892100F79AE7 /* goat.mp3 */ = {isa = PBXFileReference; lastKnownFileType = audio.mp3; path = goat.mp3; sourceTree = "<group>"; };
		0A52DBC3285E892100F79AE7 /* rodent.mp3 */ = {isa = PBXFileReference; lastKnownFileType = audio.mp3; path = rodent.mp3; sourceTree = "<group>"; };
		0A52DBC4285E892100F79AE7 /* elephant.mp3 */ = {isa = PBXFileReference; lastKnownFileType = audio.mp3; path = elephant.mp3; sourceTree = "<group>"; };
		0A52DBC5285E892100F79AE7 /* cat.mp3 */ = {isa = PBXFileReference; lastKnownFileType = audio.mp3; path = cat.mp3; sourceTree = "<group>"; };
		0A52DBC6285E892100F79AE7 /* mouse.mp3 */ = {isa = PBXFileReference; lastKnownFileType = audio.mp3; path = mouse.mp3; sourceTree = "<group>"; };
		0A52DBC7285E892100F79AE7 /* camel.mp3 */ = {isa = PBXFileReference; lastKnownFileType = audio.mp3; path = camel.mp3; sourceTree = "<group>"; };
		0A52DBC9285E892100F79AE7 /* parrot.mp3 */ = {isa = PBXFileReference; lastKnownFileType = audio.mp3; path = parrot.mp3; sourceTree = "<group>"; };
		0A52DBCA285E892100F79AE7 /* snake.mp3 */ = {isa = PBXFileReference; lastKnownFileType = audio.mp3; path = snake.mp3; sourceTree = "<group>"; };
		0A52DBCB285E892100F79AE7 /* woodpecker.mp3 */ = {isa = PBXFileReference; lastKnownFileType = audio.mp3; path = woodpecker.mp3; sourceTree = "<group>"; };
		0A52DBCC285E892100F79AE7 /* dog.mp3 */ = {isa = PBXFileReference; lastKnownFileType = audio.mp3; path = dog.mp3; sourceTree = "<group>"; };
		0A52DBCD285E892100F79AE7 /* chicken.mp3 */ = {isa = PBXFileReference; lastKnownFileType = audio.mp3; path = chicken.mp3; sourceTree = "<group>"; };
		0A52DBCE285E892100F79AE7 /* bear.mp3 */ = {isa = PBXFileReference; lastKnownFileType = audio.mp3; path = bear.mp3; sourceTree = "<group>"; };
		0A52DBCF285E892100F79AE7 /* monkey.mp3 */ = {isa = PBXFileReference; lastKnownFileType = audio.mp3; path = monkey.mp3; sourceTree = "<group>"; };
		0A52DBD1285E892100F79AE7 /* owl.mp3 */ = {isa = PBXFileReference; lastKnownFileType = audio.mp3; path = owl.mp3; sourceTree = "<group>"; };
		0A52DBD2285E892200F79AE7 /* frog.mp3 */ = {isa = PBXFileReference; lastKnownFileType = audio.mp3; path = frog.mp3; sourceTree = "<group>"; };
		0A52DBD3285E892200F79AE7 /* hedgehog.mp3 */ = {isa = PBXFileReference; lastKnownFileType = audio.mp3; path = hedgehog.mp3; sourceTree = "<group>"; };
		0A52DBD4285E892200F79AE7 /* wolf.mp3 */ = {isa = PBXFileReference; lastKnownFileType = audio.mp3; path = wolf.mp3; sourceTree = "<group>"; };
		0A7A85AB285BBFB500D23883 /* GameViewController.swift */ = {isa = PBXFileReference; lastKnownFileType = sourcecode.swift; path = GameViewController.swift; sourceTree = "<group>"; };
		0A7A85B4285BC12500D23883 /* GameQuestionViewController.swift */ = {isa = PBXFileReference; lastKnownFileType = sourcecode.swift; path = GameQuestionViewController.swift; sourceTree = "<group>"; };
		0A7A85B7285BC75A00D23883 /* AnswerCell.swift */ = {isa = PBXFileReference; lastKnownFileType = sourcecode.swift; path = AnswerCell.swift; sourceTree = "<group>"; };
		0A7A85BA285BC83F00D23883 /* GameAnswersView.swift */ = {isa = PBXFileReference; lastKnownFileType = sourcecode.swift; path = GameAnswersView.swift; sourceTree = "<group>"; };
		0A7A85BC285BC9D000D23883 /* GameAnswersViewController.swift */ = {isa = PBXFileReference; lastKnownFileType = sourcecode.swift; path = GameAnswersViewController.swift; sourceTree = "<group>"; };
		0A8D5479285F27A70054B9B0 /* cuckoo.mp3 */ = {isa = PBXFileReference; lastKnownFileType = audio.mp3; path = cuckoo.mp3; sourceTree = "<group>"; };
		0A8D547D285F70EF0054B9B0 /* rodent.mp3 */ = {isa = PBXFileReference; lastKnownFileType = audio.mp3; path = rodent.mp3; sourceTree = "<group>"; };
		0A8D547E285F70EF0054B9B0 /* monkey.mp3 */ = {isa = PBXFileReference; lastKnownFileType = audio.mp3; path = monkey.mp3; sourceTree = "<group>"; };
		0A8D547F285F70EF0054B9B0 /* bear.mp3 */ = {isa = PBXFileReference; lastKnownFileType = audio.mp3; path = bear.mp3; sourceTree = "<group>"; };
		0A8D5480285F70EF0054B9B0 /* snake.mp3 */ = {isa = PBXFileReference; lastKnownFileType = audio.mp3; path = snake.mp3; sourceTree = "<group>"; };
		0A8D5481285F70EF0054B9B0 /* hedgehog.mp3 */ = {isa = PBXFileReference; lastKnownFileType = audio.mp3; path = hedgehog.mp3; sourceTree = "<group>"; };
		0A8D5482285F70EF0054B9B0 /* goat.mp3 */ = {isa = PBXFileReference; lastKnownFileType = audio.mp3; path = goat.mp3; sourceTree = "<group>"; };
		0A8D5483285F70EF0054B9B0 /* cat.mp3 */ = {isa = PBXFileReference; lastKnownFileType = audio.mp3; path = cat.mp3; sourceTree = "<group>"; };
		0A8D5484285F70EF0054B9B0 /* wolf.mp3 */ = {isa = PBXFileReference; lastKnownFileType = audio.mp3; path = wolf.mp3; sourceTree = "<group>"; };
		0A8D5485285F70EF0054B9B0 /* mouse.mp3 */ = {isa = PBXFileReference; lastKnownFileType = audio.mp3; path = mouse.mp3; sourceTree = "<group>"; };
		0A8D5486285F70EF0054B9B0 /* horse.mp3 */ = {isa = PBXFileReference; lastKnownFileType = audio.mp3; path = horse.mp3; sourceTree = "<group>"; };
		0A8D5487285F70EF0054B9B0 /* frog.mp3 */ = {isa = PBXFileReference; lastKnownFileType = audio.mp3; path = frog.mp3; sourceTree = "<group>"; };
		0A8D5488285F70EF0054B9B0 /* chicken.mp3 */ = {isa = PBXFileReference; lastKnownFileType = audio.mp3; path = chicken.mp3; sourceTree = "<group>"; };
		0A8D5489285F70EF0054B9B0 /* cow.mp3 */ = {isa = PBXFileReference; lastKnownFileType = audio.mp3; path = cow.mp3; sourceTree = "<group>"; };
		0A8D548A285F70EF0054B9B0 /* camel.mp3 */ = {isa = PBXFileReference; lastKnownFileType = audio.mp3; path = camel.mp3; sourceTree = "<group>"; };
		0A8D548B285F70EF0054B9B0 /* owl.mp3 */ = {isa = PBXFileReference; lastKnownFileType = audio.mp3; path = owl.mp3; sourceTree = "<group>"; };
		0A8D548C285F70EF0054B9B0 /* donkey.mp3 */ = {isa = PBXFileReference; lastKnownFileType = audio.mp3; path = donkey.mp3; sourceTree = "<group>"; };
		0A8D548D285F70EF0054B9B0 /* cuckoo.mp3 */ = {isa = PBXFileReference; lastKnownFileType = audio.mp3; path = cuckoo.mp3; sourceTree = "<group>"; };
		0A8D548E285F70EF0054B9B0 /* parrot.mp3 */ = {isa = PBXFileReference; lastKnownFileType = audio.mp3; path = parrot.mp3; sourceTree = "<group>"; };
		0A8D548F285F70EF0054B9B0 /* dog.mp3 */ = {isa = PBXFileReference; lastKnownFileType = audio.mp3; path = dog.mp3; sourceTree = "<group>"; };
		0A8D5490285F70EF0054B9B0 /* elephant.mp3 */ = {isa = PBXFileReference; lastKnownFileType = audio.mp3; path = elephant.mp3; sourceTree = "<group>"; };
		0A8D5491285F70EF0054B9B0 /* woodpecker.mp3 */ = {isa = PBXFileReference; lastKnownFileType = audio.mp3; path = woodpecker.mp3; sourceTree = "<group>"; };
		0A8D54BC285FA2F00054B9B0 /* Ext+UIViewController.swift */ = {isa = PBXFileReference; lastKnownFileType = sourcecode.swift; path = "Ext+UIViewController.swift"; sourceTree = "<group>"; };
		B33428C628575CD4008600DB /* InteractiveGameForBabies.app */ = {isa = PBXFileReference; explicitFileType = wrapper.application; includeInIndex = 0; path = InteractiveGameForBabies.app; sourceTree = BUILT_PRODUCTS_DIR; };
		B33428C928575CD4008600DB /* AppDelegate.swift */ = {isa = PBXFileReference; lastKnownFileType = sourcecode.swift; path = AppDelegate.swift; sourceTree = "<group>"; };
		B33428CB28575CD4008600DB /* SceneDelegate.swift */ = {isa = PBXFileReference; lastKnownFileType = sourcecode.swift; path = SceneDelegate.swift; sourceTree = "<group>"; };
		B33428CD28575CD4008600DB /* GameMenuViewController.swift */ = {isa = PBXFileReference; lastKnownFileType = sourcecode.swift; path = GameMenuViewController.swift; sourceTree = "<group>"; };
		B33428D228575CD7008600DB /* Assets.xcassets */ = {isa = PBXFileReference; lastKnownFileType = folder.assetcatalog; path = Assets.xcassets; sourceTree = "<group>"; };
		B33428D528575CD7008600DB /* Base */ = {isa = PBXFileReference; lastKnownFileType = file.storyboard; name = Base; path = Base.lproj/LaunchScreen.storyboard; sourceTree = "<group>"; };
		B33428D728575CD7008600DB /* Info.plist */ = {isa = PBXFileReference; lastKnownFileType = text.plist.xml; path = Info.plist; sourceTree = "<group>"; };
		B33428DC28575CD7008600DB /* InteractiveGameForBabiesTests.xctest */ = {isa = PBXFileReference; explicitFileType = wrapper.cfbundle; includeInIndex = 0; path = InteractiveGameForBabiesTests.xctest; sourceTree = BUILT_PRODUCTS_DIR; };
		B33428E028575CD7008600DB /* InteractiveGameForBabiesTests.swift */ = {isa = PBXFileReference; lastKnownFileType = sourcecode.swift; path = InteractiveGameForBabiesTests.swift; sourceTree = "<group>"; };
		B33428E628575CD7008600DB /* InteractiveGameForBabiesUITests.xctest */ = {isa = PBXFileReference; explicitFileType = wrapper.cfbundle; includeInIndex = 0; path = InteractiveGameForBabiesUITests.xctest; sourceTree = BUILT_PRODUCTS_DIR; };
		B33428EA28575CD7008600DB /* InteractiveGameForBabiesUITests.swift */ = {isa = PBXFileReference; lastKnownFileType = sourcecode.swift; path = InteractiveGameForBabiesUITests.swift; sourceTree = "<group>"; };
		B33428EC28575CD7008600DB /* InteractiveGameForBabiesUITestsLaunchTests.swift */ = {isa = PBXFileReference; lastKnownFileType = sourcecode.swift; path = InteractiveGameForBabiesUITestsLaunchTests.swift; sourceTree = "<group>"; };
		B334290E2857603C008600DB /* Observable.swift */ = {isa = PBXFileReference; lastKnownFileType = sourcecode.swift; path = Observable.swift; sourceTree = "<group>"; };
		B334291028576050008600DB /* ObservableOptions.swift */ = {isa = PBXFileReference; lastKnownFileType = sourcecode.swift; path = ObservableOptions.swift; sourceTree = "<group>"; };
		B33429142857614E008600DB /* GameDatabase.swift */ = {isa = PBXFileReference; lastKnownFileType = sourcecode.swift; path = GameDatabase.swift; sourceTree = "<group>"; };
		B3342918285761F5008600DB /* AnimalCard.swift */ = {isa = PBXFileReference; lastKnownFileType = sourcecode.swift; path = AnimalCard.swift; sourceTree = "<group>"; };
		B334291A28576210008600DB /* ColorCard.swift */ = {isa = PBXFileReference; lastKnownFileType = sourcecode.swift; path = ColorCard.swift; sourceTree = "<group>"; };
		B334291C28576224008600DB /* CountCard.swift */ = {isa = PBXFileReference; lastKnownFileType = sourcecode.swift; path = CountCard.swift; sourceTree = "<group>"; };
		B334291E28576234008600DB /* FigureCard.swift */ = {isa = PBXFileReference; lastKnownFileType = sourcecode.swift; path = FigureCard.swift; sourceTree = "<group>"; };
		B33429202857677F008600DB /* GameSession.swift */ = {isa = PBXFileReference; lastKnownFileType = sourcecode.swift; path = GameSession.swift; sourceTree = "<group>"; };
		B334292428576EB0008600DB /* CardProtocol.swift */ = {isa = PBXFileReference; lastKnownFileType = sourcecode.swift; path = CardProtocol.swift; sourceTree = "<group>"; };
		B334292828577278008600DB /* ColorQuestion.swift */ = {isa = PBXFileReference; lastKnownFileType = sourcecode.swift; path = ColorQuestion.swift; sourceTree = "<group>"; };
		B334292A28577441008600DB /* CountQuestion.swift */ = {isa = PBXFileReference; lastKnownFileType = sourcecode.swift; path = CountQuestion.swift; sourceTree = "<group>"; };
		B334292C2857748B008600DB /* QuestionProtocol.swift */ = {isa = PBXFileReference; lastKnownFileType = sourcecode.swift; path = QuestionProtocol.swift; sourceTree = "<group>"; };
		B334292E285778E7008600DB /* FigureQuestion.swift */ = {isa = PBXFileReference; lastKnownFileType = sourcecode.swift; path = FigureQuestion.swift; sourceTree = "<group>"; };
		B3342934285CB060008600DB /* GameDelegate.swift */ = {isa = PBXFileReference; lastKnownFileType = sourcecode.swift; path = GameDelegate.swift; sourceTree = "<group>"; };
		B3342937285CD87B008600DB /* GameViewControllerBuilder.swift */ = {isa = PBXFileReference; lastKnownFileType = sourcecode.swift; path = GameViewControllerBuilder.swift; sourceTree = "<group>"; };
		B334293A285DD670008600DB /* GameStrategy.swift */ = {isa = PBXFileReference; lastKnownFileType = sourcecode.swift; path = GameStrategy.swift; sourceTree = "<group>"; };
		B334293C285DD8EA008600DB /* AnimalQuestion.swift */ = {isa = PBXFileReference; lastKnownFileType = sourcecode.swift; path = AnimalQuestion.swift; sourceTree = "<group>"; };
		B621A9B4286502F80083DD6E /* Animation.swift */ = {isa = PBXFileReference; lastKnownFileType = sourcecode.swift; name = Animation.swift; path = InteractiveGameForBabies/UI/Game/Childs/Question/Animation.swift; sourceTree = SOURCE_ROOT; };
		B646B6E3285C3946001AB323 /* Ext+Array.swift */ = {isa = PBXFileReference; lastKnownFileType = sourcecode.swift; path = "Ext+Array.swift"; sourceTree = "<group>"; };
		B652AC292862089700B621CF /* GameQuestionView.swift */ = {isa = PBXFileReference; lastKnownFileType = sourcecode.swift; path = GameQuestionView.swift; sourceTree = "<group>"; };
/* End PBXFileReference section */

/* Begin PBXFrameworksBuildPhase section */
		B33428C328575CD4008600DB /* Frameworks */ = {
			isa = PBXFrameworksBuildPhase;
			buildActionMask = 2147483647;
			files = (
			);
			runOnlyForDeploymentPostprocessing = 0;
		};
		B33428D928575CD7008600DB /* Frameworks */ = {
			isa = PBXFrameworksBuildPhase;
			buildActionMask = 2147483647;
			files = (
			);
			runOnlyForDeploymentPostprocessing = 0;
		};
		B33428E328575CD7008600DB /* Frameworks */ = {
			isa = PBXFrameworksBuildPhase;
			buildActionMask = 2147483647;
			files = (
			);
			runOnlyForDeploymentPostprocessing = 0;
		};
/* End PBXFrameworksBuildPhase section */

/* Begin PBXGroup section */
		0A0D27A42858F8BE004995CB /* Core */ = {
			isa = PBXGroup;
			children = (
				B646B6E2285C3929001AB323 /* Extensions */,
				0A0D27A52858F8E2004995CB /* UIPreviewView.swift */,
			);
			path = Core;
			sourceTree = "<group>";
		};
		0A7A85AA285BBF8B00D23883 /* Game */ = {
			isa = PBXGroup;
			children = (
				0A7A85AE285BC00C00D23883 /* Childs */,
				0A7A85AD285BBFDE00D23883 /* Controller */,
			);
			path = Game;
			sourceTree = "<group>";
		};
		0A7A85AD285BBFDE00D23883 /* Controller */ = {
			isa = PBXGroup;
			children = (
				0A7A85AB285BBFB500D23883 /* GameViewController.swift */,
			);
			path = Controller;
			sourceTree = "<group>";
		};
		0A7A85AE285BC00C00D23883 /* Childs */ = {
			isa = PBXGroup;
			children = (
				0A7A85B6285BC69000D23883 /* Answers */,
				0A7A85AF285BC01B00D23883 /* Question */,
			);
			path = Childs;
			sourceTree = "<group>";
		};
		0A7A85AF285BC01B00D23883 /* Question */ = {
			isa = PBXGroup;
			children = (
				0A7A85B4285BC12500D23883 /* GameQuestionViewController.swift */,
				B652AC292862089700B621CF /* GameQuestionView.swift */,
			);
			path = Question;
			sourceTree = "<group>";
		};
		0A7A85B6285BC69000D23883 /* Answers */ = {
			isa = PBXGroup;
			children = (
				0A7A85B7285BC75A00D23883 /* AnswerCell.swift */,
				0A7A85BA285BC83F00D23883 /* GameAnswersView.swift */,
				0A7A85BC285BC9D000D23883 /* GameAnswersViewController.swift */,
				0A52DB7F285E2EBF00F79AE7 /* AnswersCollectionViewLayout.swift */,
			);
			path = Answers;
			sourceTree = "<group>";
		};
		0A8D547B285F708B0054B9B0 /* Recovered References */ = {
			isa = PBXGroup;
			children = (
				0A52DBC5285E892100F79AE7 /* cat.mp3 */,
				0A52DBC9285E892100F79AE7 /* parrot.mp3 */,
				0A52DBD2285E892200F79AE7 /* frog.mp3 */,
				0A52DBD3285E892200F79AE7 /* hedgehog.mp3 */,
				0A52DBCE285E892100F79AE7 /* bear.mp3 */,
				0A52DBBD285E811400F79AE7 /* cow.mp3 */,
				0A52DBCA285E892100F79AE7 /* snake.mp3 */,
				0A8D5479285F27A70054B9B0 /* cuckoo.mp3 */,
				0A52DBC0285E892000F79AE7 /* donkey.mp3 */,
				0A52DBCD285E892100F79AE7 /* chicken.mp3 */,
				0A52DBC4285E892100F79AE7 /* elephant.mp3 */,
				0A52DBC1285E892000F79AE7 /* hourse.mp3 */,
				0A52DBCF285E892100F79AE7 /* monkey.mp3 */,
				0A52DBD4285E892200F79AE7 /* wolf.mp3 */,
				0A52DBC6285E892100F79AE7 /* mouse.mp3 */,
				0A52DBC7285E892100F79AE7 /* camel.mp3 */,
				0A52DBD1285E892100F79AE7 /* owl.mp3 */,
				0A52DBC2285E892100F79AE7 /* goat.mp3 */,
				0A52DBCB285E892100F79AE7 /* woodpecker.mp3 */,
				0A52DBC3285E892100F79AE7 /* rodent.mp3 */,
				0A52DBCC285E892100F79AE7 /* dog.mp3 */,
			);
			name = "Recovered References";
			sourceTree = "<group>";
		};
		0A8D547C285F70EF0054B9B0 /* Sounds */ = {
			isa = PBXGroup;
			children = (
				0A8D547D285F70EF0054B9B0 /* rodent.mp3 */,
				0A8D547E285F70EF0054B9B0 /* monkey.mp3 */,
				0A8D547F285F70EF0054B9B0 /* bear.mp3 */,
				0A8D5480285F70EF0054B9B0 /* snake.mp3 */,
				0A8D5481285F70EF0054B9B0 /* hedgehog.mp3 */,
				0A8D5482285F70EF0054B9B0 /* goat.mp3 */,
				0A8D5483285F70EF0054B9B0 /* cat.mp3 */,
				0A8D5484285F70EF0054B9B0 /* wolf.mp3 */,
				0A8D5485285F70EF0054B9B0 /* mouse.mp3 */,
				0A8D5486285F70EF0054B9B0 /* horse.mp3 */,
				0A8D5487285F70EF0054B9B0 /* frog.mp3 */,
				0A8D5488285F70EF0054B9B0 /* chicken.mp3 */,
				0A8D5489285F70EF0054B9B0 /* cow.mp3 */,
				0A8D548A285F70EF0054B9B0 /* camel.mp3 */,
				0A8D548B285F70EF0054B9B0 /* owl.mp3 */,
				0A8D548C285F70EF0054B9B0 /* donkey.mp3 */,
				0A8D548D285F70EF0054B9B0 /* cuckoo.mp3 */,
				0A8D548E285F70EF0054B9B0 /* parrot.mp3 */,
				0A8D548F285F70EF0054B9B0 /* dog.mp3 */,
				0A8D5490285F70EF0054B9B0 /* elephant.mp3 */,
				0A8D5491285F70EF0054B9B0 /* woodpecker.mp3 */,
			);
			path = Sounds;
			sourceTree = "<group>";
		};
		B33428BD28575CD4008600DB = {
			isa = PBXGroup;
			children = (
				B33428C828575CD4008600DB /* InteractiveGameForBabies */,
				B33428DF28575CD7008600DB /* InteractiveGameForBabiesTests */,
				B33428E928575CD7008600DB /* InteractiveGameForBabiesUITests */,
				B33428C728575CD4008600DB /* Products */,
				0A8D547B285F708B0054B9B0 /* Recovered References */,
			);
			sourceTree = "<group>";
		};
		B33428C728575CD4008600DB /* Products */ = {
			isa = PBXGroup;
			children = (
				B33428C628575CD4008600DB /* InteractiveGameForBabies.app */,
				B33428DC28575CD7008600DB /* InteractiveGameForBabiesTests.xctest */,
				B33428E628575CD7008600DB /* InteractiveGameForBabiesUITests.xctest */,
			);
			name = Products;
			sourceTree = "<group>";
		};
		B33428C828575CD4008600DB /* InteractiveGameForBabies */ = {
			isa = PBXGroup;
			children = (
				0A0D27A42858F8BE004995CB /* Core */,
				B334290B28575FA7008600DB /* GameProcess */,
				B334290A28575F9D008600DB /* Model */,
				B334290928575F7F008600DB /* Services */,
				B334290828575F74008600DB /* Animation */,
				B33428F928575D35008600DB /* UI */,
				B33428C928575CD4008600DB /* AppDelegate.swift */,
				B33428CB28575CD4008600DB /* SceneDelegate.swift */,
				B33428D228575CD7008600DB /* Assets.xcassets */,
				B33428D428575CD7008600DB /* LaunchScreen.storyboard */,
				B33428D728575CD7008600DB /* Info.plist */,
			);
			path = InteractiveGameForBabies;
			sourceTree = "<group>";
		};
		B33428DF28575CD7008600DB /* InteractiveGameForBabiesTests */ = {
			isa = PBXGroup;
			children = (
				B33428E028575CD7008600DB /* InteractiveGameForBabiesTests.swift */,
			);
			path = InteractiveGameForBabiesTests;
			sourceTree = "<group>";
		};
		B33428E928575CD7008600DB /* InteractiveGameForBabiesUITests */ = {
			isa = PBXGroup;
			children = (
				B33428EA28575CD7008600DB /* InteractiveGameForBabiesUITests.swift */,
				B33428EC28575CD7008600DB /* InteractiveGameForBabiesUITestsLaunchTests.swift */,
			);
			path = InteractiveGameForBabiesUITests;
			sourceTree = "<group>";
		};
		B33428F928575D35008600DB /* UI */ = {
			isa = PBXGroup;
			children = (
				B33428FF28575D90008600DB /* LoadingScreen */,
				B33428FA28575D45008600DB /* GameMenu */,
				0A7A85AA285BBF8B00D23883 /* Game */,
			);
			path = UI;
			sourceTree = "<group>";
		};
		B33428FA28575D45008600DB /* GameMenu */ = {
			isa = PBXGroup;
			children = (
				B33428CD28575CD4008600DB /* GameMenuViewController.swift */,
				0A0D27A72858FF00004995CB /* GameItemView.swift */,
				0A0D27A928590D48004995CB /* StartGameButton.swift */,
			);
			path = GameMenu;
			sourceTree = "<group>";
		};
		B33428FF28575D90008600DB /* LoadingScreen */ = {
			isa = PBXGroup;
			children = (
			);
			path = LoadingScreen;
			sourceTree = "<group>";
		};
		B334290828575F74008600DB /* Animation */ = {
			isa = PBXGroup;
			children = (
				B621A9B4286502F80083DD6E /* Animation.swift */,
			);
			path = Animation;
			sourceTree = "<group>";
		};
		B334290928575F7F008600DB /* Services */ = {
			isa = PBXGroup;
			children = (
				B3342936285CD85A008600DB /* Builders */,
				B334290C28575FE9008600DB /* Observe */,
			);
			path = Services;
			sourceTree = "<group>";
		};
		B334290A28575F9D008600DB /* Model */ = {
			isa = PBXGroup;
			children = (
				0A8D547C285F70EF0054B9B0 /* Sounds */,
				B334293F285F4E28008600DB /* Question */,
				B334293E285F4E12008600DB /* Cards */,
			);
			path = Model;
			sourceTree = "<group>";
		};
		B334290B28575FA7008600DB /* GameProcess */ = {
			isa = PBXGroup;
			children = (
				B33429202857677F008600DB /* GameSession.swift */,
				B33429142857614E008600DB /* GameDatabase.swift */,
				B3342934285CB060008600DB /* GameDelegate.swift */,
			);
			path = GameProcess;
			sourceTree = "<group>";
		};
		B334290C28575FE9008600DB /* Observe */ = {
			isa = PBXGroup;
			children = (
				B334291028576050008600DB /* ObservableOptions.swift */,
				B334290E2857603C008600DB /* Observable.swift */,
			);
			path = Observe;
			sourceTree = "<group>";
		};
		B3342936285CD85A008600DB /* Builders */ = {
			isa = PBXGroup;
			children = (
				B334293A285DD670008600DB /* GameStrategy.swift */,
				B3342937285CD87B008600DB /* GameViewControllerBuilder.swift */,
			);
			path = Builders;
			sourceTree = "<group>";
		};
		B334293E285F4E12008600DB /* Cards */ = {
			isa = PBXGroup;
			children = (
				B334292428576EB0008600DB /* CardProtocol.swift */,
				B334291E28576234008600DB /* FigureCard.swift */,
				B334291C28576224008600DB /* CountCard.swift */,
				B334291A28576210008600DB /* ColorCard.swift */,
				B3342918285761F5008600DB /* AnimalCard.swift */,
			);
			path = Cards;
			sourceTree = "<group>";
		};
		B334293F285F4E28008600DB /* Question */ = {
			isa = PBXGroup;
			children = (
				B334292E285778E7008600DB /* FigureQuestion.swift */,
				B334292A28577441008600DB /* CountQuestion.swift */,
				B334292828577278008600DB /* ColorQuestion.swift */,
				B334293C285DD8EA008600DB /* AnimalQuestion.swift */,
				B334292C2857748B008600DB /* QuestionProtocol.swift */,
			);
			path = Question;
			sourceTree = "<group>";
		};
		B646B6E2285C3929001AB323 /* Extensions */ = {
			isa = PBXGroup;
			children = (
				B646B6E3285C3946001AB323 /* Ext+Array.swift */,
				0A52DBBB285E547600F79AE7 /* Ext+UIColor.swift */,
				0A8D54BC285FA2F00054B9B0 /* Ext+UIViewController.swift */,
			);
			path = Extensions;
			sourceTree = "<group>";
		};
/* End PBXGroup section */

/* Begin PBXNativeTarget section */
		B33428C528575CD4008600DB /* InteractiveGameForBabies */ = {
			isa = PBXNativeTarget;
			buildConfigurationList = B33428F028575CD7008600DB /* Build configuration list for PBXNativeTarget "InteractiveGameForBabies" */;
			buildPhases = (
				B33428C228575CD4008600DB /* Sources */,
				B33428C328575CD4008600DB /* Frameworks */,
				B33428C428575CD4008600DB /* Resources */,
			);
			buildRules = (
			);
			dependencies = (
			);
			name = InteractiveGameForBabies;
			productName = InteractiveGameForBabies;
			productReference = B33428C628575CD4008600DB /* InteractiveGameForBabies.app */;
			productType = "com.apple.product-type.application";
		};
		B33428DB28575CD7008600DB /* InteractiveGameForBabiesTests */ = {
			isa = PBXNativeTarget;
			buildConfigurationList = B33428F328575CD7008600DB /* Build configuration list for PBXNativeTarget "InteractiveGameForBabiesTests" */;
			buildPhases = (
				B33428D828575CD7008600DB /* Sources */,
				B33428D928575CD7008600DB /* Frameworks */,
				B33428DA28575CD7008600DB /* Resources */,
			);
			buildRules = (
			);
			dependencies = (
				B33428DE28575CD7008600DB /* PBXTargetDependency */,
			);
			name = InteractiveGameForBabiesTests;
			productName = InteractiveGameForBabiesTests;
			productReference = B33428DC28575CD7008600DB /* InteractiveGameForBabiesTests.xctest */;
			productType = "com.apple.product-type.bundle.unit-test";
		};
		B33428E528575CD7008600DB /* InteractiveGameForBabiesUITests */ = {
			isa = PBXNativeTarget;
			buildConfigurationList = B33428F628575CD7008600DB /* Build configuration list for PBXNativeTarget "InteractiveGameForBabiesUITests" */;
			buildPhases = (
				B33428E228575CD7008600DB /* Sources */,
				B33428E328575CD7008600DB /* Frameworks */,
				B33428E428575CD7008600DB /* Resources */,
			);
			buildRules = (
			);
			dependencies = (
				B33428E828575CD7008600DB /* PBXTargetDependency */,
			);
			name = InteractiveGameForBabiesUITests;
			productName = InteractiveGameForBabiesUITests;
			productReference = B33428E628575CD7008600DB /* InteractiveGameForBabiesUITests.xctest */;
			productType = "com.apple.product-type.bundle.ui-testing";
		};
/* End PBXNativeTarget section */

/* Begin PBXProject section */
		B33428BE28575CD4008600DB /* Project object */ = {
			isa = PBXProject;
			attributes = {
				BuildIndependentTargetsInParallel = 1;
				LastSwiftUpdateCheck = 1340;
				LastUpgradeCheck = 1340;
				TargetAttributes = {
					B33428C528575CD4008600DB = {
						CreatedOnToolsVersion = 13.4.1;
					};
					B33428DB28575CD7008600DB = {
						CreatedOnToolsVersion = 13.4.1;
						TestTargetID = B33428C528575CD4008600DB;
					};
					B33428E528575CD7008600DB = {
						CreatedOnToolsVersion = 13.4.1;
						TestTargetID = B33428C528575CD4008600DB;
					};
				};
			};
			buildConfigurationList = B33428C128575CD4008600DB /* Build configuration list for PBXProject "InteractiveGameForBabies" */;
			compatibilityVersion = "Xcode 13.0";
			developmentRegion = en;
			hasScannedForEncodings = 0;
			knownRegions = (
				en,
				Base,
			);
			mainGroup = B33428BD28575CD4008600DB;
			productRefGroup = B33428C728575CD4008600DB /* Products */;
			projectDirPath = "";
			projectRoot = "";
			targets = (
				B33428C528575CD4008600DB /* InteractiveGameForBabies */,
				B33428DB28575CD7008600DB /* InteractiveGameForBabiesTests */,
				B33428E528575CD7008600DB /* InteractiveGameForBabiesUITests */,
			);
		};
/* End PBXProject section */

/* Begin PBXResourcesBuildPhase section */
		B33428C428575CD4008600DB /* Resources */ = {
			isa = PBXResourcesBuildPhase;
			buildActionMask = 2147483647;
			files = (
				0A8D54A7285F714D0054B9B0 /* rodent.mp3 in Resources */,
				0A8D54A8285F714D0054B9B0 /* monkey.mp3 in Resources */,
				0A8D54A9285F714D0054B9B0 /* bear.mp3 in Resources */,
				0A8D54AA285F714D0054B9B0 /* snake.mp3 in Resources */,
				0A8D54AB285F714D0054B9B0 /* hedgehog.mp3 in Resources */,
				0A8D54AC285F714D0054B9B0 /* goat.mp3 in Resources */,
				0A8D54AD285F714D0054B9B0 /* cat.mp3 in Resources */,
				0A8D54AE285F714D0054B9B0 /* wolf.mp3 in Resources */,
				0A8D54AF285F714D0054B9B0 /* mouse.mp3 in Resources */,
				0A8D54B0285F714D0054B9B0 /* horse.mp3 in Resources */,
				0A8D54B1285F714D0054B9B0 /* frog.mp3 in Resources */,
				0A8D54B2285F714D0054B9B0 /* chicken.mp3 in Resources */,
				0A8D54B3285F714D0054B9B0 /* cow.mp3 in Resources */,
				0A8D54B4285F714D0054B9B0 /* camel.mp3 in Resources */,
				0A8D54B5285F714D0054B9B0 /* owl.mp3 in Resources */,
				0A8D54B6285F714D0054B9B0 /* donkey.mp3 in Resources */,
				0A8D54B7285F714D0054B9B0 /* cuckoo.mp3 in Resources */,
				0A8D54B8285F714D0054B9B0 /* parrot.mp3 in Resources */,
				0A8D54B9285F714D0054B9B0 /* dog.mp3 in Resources */,
				0A8D54BA285F714D0054B9B0 /* elephant.mp3 in Resources */,
				0A8D54BB285F714D0054B9B0 /* woodpecker.mp3 in Resources */,
				B33428D328575CD7008600DB /* Assets.xcassets in Resources */,
				B33428D628575CD7008600DB /* LaunchScreen.storyboard in Resources */,
			);
			runOnlyForDeploymentPostprocessing = 0;
		};
		B33428DA28575CD7008600DB /* Resources */ = {
			isa = PBXResourcesBuildPhase;
			buildActionMask = 2147483647;
			files = (
			);
			runOnlyForDeploymentPostprocessing = 0;
		};
		B33428E428575CD7008600DB /* Resources */ = {
			isa = PBXResourcesBuildPhase;
			buildActionMask = 2147483647;
			files = (
			);
			runOnlyForDeploymentPostprocessing = 0;
		};
/* End PBXResourcesBuildPhase section */

/* Begin PBXSourcesBuildPhase section */
		B33428C228575CD4008600DB /* Sources */ = {
			isa = PBXSourcesBuildPhase;
			buildActionMask = 2147483647;
			files = (
				0A52DB91285E531B00F79AE7 /* Ext+Array.swift in Sources */,
				B652AC2A2862089700B621CF /* GameQuestionView.swift in Sources */,
				0A52DB92285E531B00F79AE7 /* UIPreviewView.swift in Sources */,
				0A52DB93285E531B00F79AE7 /* GameSession.swift in Sources */,
				0A52DB94285E531B00F79AE7 /* GameDatabase.swift in Sources */,
				0A52DB95285E531B00F79AE7 /* GameDelegate.swift in Sources */,
				0A52DBBC285E547600F79AE7 /* Ext+UIColor.swift in Sources */,
				0A52DB96285E531B00F79AE7 /* AnimalQuestion.swift in Sources */,
				0A52DB97285E531B00F79AE7 /* FigureQuestion.swift in Sources */,
				0A52DB98285E531B00F79AE7 /* CountQuestion.swift in Sources */,
				0A52DB99285E531B00F79AE7 /* ColorQuestion.swift in Sources */,
				0A52DB9A285E531B00F79AE7 /* AnimalCard.swift in Sources */,
				0A52DB9B285E531B00F79AE7 /* ColorCard.swift in Sources */,
				0A52DB9C285E531B00F79AE7 /* CountCard.swift in Sources */,
				0A52DB9D285E531B00F79AE7 /* FigureCard.swift in Sources */,
				0A52DB9E285E531B00F79AE7 /* CardProtocol.swift in Sources */,
				0A52DB9F285E531B00F79AE7 /* QuestionProtocol.swift in Sources */,
				0A52DBA1285E531B00F79AE7 /* GameStrategy.swift in Sources */,
				0A52DBA2285E531B00F79AE7 /* GameViewControllerBuilder.swift in Sources */,
				0A52DBA4285E531B00F79AE7 /* ObservableOptions.swift in Sources */,
				B621A9B5286502F80083DD6E /* Animation.swift in Sources */,
				0A52DBA5285E531B00F79AE7 /* Observable.swift in Sources */,
				0A52DBA6285E531B00F79AE7 /* AnswerCell.swift in Sources */,
				0A52DBA7285E531B00F79AE7 /* GameAnswersView.swift in Sources */,
				0A52DBA8285E531B00F79AE7 /* GameAnswersViewController.swift in Sources */,
				0A52DBA9285E531B00F79AE7 /* AnswersCollectionViewLayout.swift in Sources */,
				0A8D54BD285FA2F00054B9B0 /* Ext+UIViewController.swift in Sources */,
				0A52DBAD285E531B00F79AE7 /* GameQuestionViewController.swift in Sources */,
				0A52DBAF285E531B00F79AE7 /* GameViewController.swift in Sources */,
				0A52DBB0285E531B00F79AE7 /* GameMenuViewController.swift in Sources */,
				0A52DBB1285E531B00F79AE7 /* GameItemView.swift in Sources */,
				0A52DBB2285E531B00F79AE7 /* StartGameButton.swift in Sources */,
				0A52DBB3285E531B00F79AE7 /* AppDelegate.swift in Sources */,
				0A52DBB4285E531B00F79AE7 /* SceneDelegate.swift in Sources */,
			);
			runOnlyForDeploymentPostprocessing = 0;
		};
		B33428D828575CD7008600DB /* Sources */ = {
			isa = PBXSourcesBuildPhase;
			buildActionMask = 2147483647;
			files = (
				B33428E128575CD7008600DB /* InteractiveGameForBabiesTests.swift in Sources */,
			);
			runOnlyForDeploymentPostprocessing = 0;
		};
		B33428E228575CD7008600DB /* Sources */ = {
			isa = PBXSourcesBuildPhase;
			buildActionMask = 2147483647;
			files = (
				B33428EB28575CD7008600DB /* InteractiveGameForBabiesUITests.swift in Sources */,
				B33428ED28575CD7008600DB /* InteractiveGameForBabiesUITestsLaunchTests.swift in Sources */,
			);
			runOnlyForDeploymentPostprocessing = 0;
		};
/* End PBXSourcesBuildPhase section */

/* Begin PBXTargetDependency section */
		B33428DE28575CD7008600DB /* PBXTargetDependency */ = {
			isa = PBXTargetDependency;
			target = B33428C528575CD4008600DB /* InteractiveGameForBabies */;
			targetProxy = B33428DD28575CD7008600DB /* PBXContainerItemProxy */;
		};
		B33428E828575CD7008600DB /* PBXTargetDependency */ = {
			isa = PBXTargetDependency;
			target = B33428C528575CD4008600DB /* InteractiveGameForBabies */;
			targetProxy = B33428E728575CD7008600DB /* PBXContainerItemProxy */;
		};
/* End PBXTargetDependency section */

/* Begin PBXVariantGroup section */
		B33428D428575CD7008600DB /* LaunchScreen.storyboard */ = {
			isa = PBXVariantGroup;
			children = (
				B33428D528575CD7008600DB /* Base */,
			);
			name = LaunchScreen.storyboard;
			sourceTree = "<group>";
		};
/* End PBXVariantGroup section */

/* Begin XCBuildConfiguration section */
		B33428EE28575CD7008600DB /* Debug */ = {
			isa = XCBuildConfiguration;
			buildSettings = {
				ALWAYS_SEARCH_USER_PATHS = NO;
				CLANG_ANALYZER_NONNULL = YES;
				CLANG_ANALYZER_NUMBER_OBJECT_CONVERSION = YES_AGGRESSIVE;
				CLANG_CXX_LANGUAGE_STANDARD = "gnu++17";
				CLANG_ENABLE_MODULES = YES;
				CLANG_ENABLE_OBJC_ARC = YES;
				CLANG_ENABLE_OBJC_WEAK = YES;
				CLANG_WARN_BLOCK_CAPTURE_AUTORELEASING = YES;
				CLANG_WARN_BOOL_CONVERSION = YES;
				CLANG_WARN_COMMA = YES;
				CLANG_WARN_CONSTANT_CONVERSION = YES;
				CLANG_WARN_DEPRECATED_OBJC_IMPLEMENTATIONS = YES;
				CLANG_WARN_DIRECT_OBJC_ISA_USAGE = YES_ERROR;
				CLANG_WARN_DOCUMENTATION_COMMENTS = YES;
				CLANG_WARN_EMPTY_BODY = YES;
				CLANG_WARN_ENUM_CONVERSION = YES;
				CLANG_WARN_INFINITE_RECURSION = YES;
				CLANG_WARN_INT_CONVERSION = YES;
				CLANG_WARN_NON_LITERAL_NULL_CONVERSION = YES;
				CLANG_WARN_OBJC_IMPLICIT_RETAIN_SELF = YES;
				CLANG_WARN_OBJC_LITERAL_CONVERSION = YES;
				CLANG_WARN_OBJC_ROOT_CLASS = YES_ERROR;
				CLANG_WARN_QUOTED_INCLUDE_IN_FRAMEWORK_HEADER = YES;
				CLANG_WARN_RANGE_LOOP_ANALYSIS = YES;
				CLANG_WARN_STRICT_PROTOTYPES = YES;
				CLANG_WARN_SUSPICIOUS_MOVE = YES;
				CLANG_WARN_UNGUARDED_AVAILABILITY = YES_AGGRESSIVE;
				CLANG_WARN_UNREACHABLE_CODE = YES;
				CLANG_WARN__DUPLICATE_METHOD_MATCH = YES;
				COPY_PHASE_STRIP = NO;
				DEBUG_INFORMATION_FORMAT = dwarf;
				ENABLE_STRICT_OBJC_MSGSEND = YES;
				ENABLE_TESTABILITY = YES;
				GCC_C_LANGUAGE_STANDARD = gnu11;
				GCC_DYNAMIC_NO_PIC = NO;
				GCC_NO_COMMON_BLOCKS = YES;
				GCC_OPTIMIZATION_LEVEL = 0;
				GCC_PREPROCESSOR_DEFINITIONS = (
					"DEBUG=1",
					"$(inherited)",
				);
				GCC_WARN_64_TO_32_BIT_CONVERSION = YES;
				GCC_WARN_ABOUT_RETURN_TYPE = YES_ERROR;
				GCC_WARN_UNDECLARED_SELECTOR = YES;
				GCC_WARN_UNINITIALIZED_AUTOS = YES_AGGRESSIVE;
				GCC_WARN_UNUSED_FUNCTION = YES;
				GCC_WARN_UNUSED_VARIABLE = YES;
				IPHONEOS_DEPLOYMENT_TARGET = 15.5;
				MTL_ENABLE_DEBUG_INFO = INCLUDE_SOURCE;
				MTL_FAST_MATH = YES;
				ONLY_ACTIVE_ARCH = YES;
				SDKROOT = iphoneos;
				SWIFT_ACTIVE_COMPILATION_CONDITIONS = DEBUG;
				SWIFT_OPTIMIZATION_LEVEL = "-Onone";
			};
			name = Debug;
		};
		B33428EF28575CD7008600DB /* Release */ = {
			isa = XCBuildConfiguration;
			buildSettings = {
				ALWAYS_SEARCH_USER_PATHS = NO;
				CLANG_ANALYZER_NONNULL = YES;
				CLANG_ANALYZER_NUMBER_OBJECT_CONVERSION = YES_AGGRESSIVE;
				CLANG_CXX_LANGUAGE_STANDARD = "gnu++17";
				CLANG_ENABLE_MODULES = YES;
				CLANG_ENABLE_OBJC_ARC = YES;
				CLANG_ENABLE_OBJC_WEAK = YES;
				CLANG_WARN_BLOCK_CAPTURE_AUTORELEASING = YES;
				CLANG_WARN_BOOL_CONVERSION = YES;
				CLANG_WARN_COMMA = YES;
				CLANG_WARN_CONSTANT_CONVERSION = YES;
				CLANG_WARN_DEPRECATED_OBJC_IMPLEMENTATIONS = YES;
				CLANG_WARN_DIRECT_OBJC_ISA_USAGE = YES_ERROR;
				CLANG_WARN_DOCUMENTATION_COMMENTS = YES;
				CLANG_WARN_EMPTY_BODY = YES;
				CLANG_WARN_ENUM_CONVERSION = YES;
				CLANG_WARN_INFINITE_RECURSION = YES;
				CLANG_WARN_INT_CONVERSION = YES;
				CLANG_WARN_NON_LITERAL_NULL_CONVERSION = YES;
				CLANG_WARN_OBJC_IMPLICIT_RETAIN_SELF = YES;
				CLANG_WARN_OBJC_LITERAL_CONVERSION = YES;
				CLANG_WARN_OBJC_ROOT_CLASS = YES_ERROR;
				CLANG_WARN_QUOTED_INCLUDE_IN_FRAMEWORK_HEADER = YES;
				CLANG_WARN_RANGE_LOOP_ANALYSIS = YES;
				CLANG_WARN_STRICT_PROTOTYPES = YES;
				CLANG_WARN_SUSPICIOUS_MOVE = YES;
				CLANG_WARN_UNGUARDED_AVAILABILITY = YES_AGGRESSIVE;
				CLANG_WARN_UNREACHABLE_CODE = YES;
				CLANG_WARN__DUPLICATE_METHOD_MATCH = YES;
				COPY_PHASE_STRIP = NO;
				DEBUG_INFORMATION_FORMAT = "dwarf-with-dsym";
				ENABLE_NS_ASSERTIONS = NO;
				ENABLE_STRICT_OBJC_MSGSEND = YES;
				GCC_C_LANGUAGE_STANDARD = gnu11;
				GCC_NO_COMMON_BLOCKS = YES;
				GCC_WARN_64_TO_32_BIT_CONVERSION = YES;
				GCC_WARN_ABOUT_RETURN_TYPE = YES_ERROR;
				GCC_WARN_UNDECLARED_SELECTOR = YES;
				GCC_WARN_UNINITIALIZED_AUTOS = YES_AGGRESSIVE;
				GCC_WARN_UNUSED_FUNCTION = YES;
				GCC_WARN_UNUSED_VARIABLE = YES;
				IPHONEOS_DEPLOYMENT_TARGET = 15.5;
				MTL_ENABLE_DEBUG_INFO = NO;
				MTL_FAST_MATH = YES;
				SDKROOT = iphoneos;
				SWIFT_COMPILATION_MODE = wholemodule;
				SWIFT_OPTIMIZATION_LEVEL = "-O";
				VALIDATE_PRODUCT = YES;
			};
			name = Release;
		};
		B33428F128575CD7008600DB /* Debug */ = {
			isa = XCBuildConfiguration;
			buildSettings = {
				ASSETCATALOG_COMPILER_APPICON_NAME = AppIcon;
				ASSETCATALOG_COMPILER_GLOBAL_ACCENT_COLOR_NAME = AccentColor;
				CODE_SIGN_STYLE = Automatic;
				CURRENT_PROJECT_VERSION = 1;
				DEVELOPMENT_TEAM = 22RDDP38QF;
				GENERATE_INFOPLIST_FILE = YES;
				INFOPLIST_FILE = InteractiveGameForBabies/Info.plist;
				INFOPLIST_KEY_UIApplicationSupportsIndirectInputEvents = YES;
				INFOPLIST_KEY_UILaunchStoryboardName = LaunchScreen;
				INFOPLIST_KEY_UISupportedInterfaceOrientations_iPad = "UIInterfaceOrientationPortrait UIInterfaceOrientationPortraitUpsideDown UIInterfaceOrientationLandscapeLeft UIInterfaceOrientationLandscapeRight";
				INFOPLIST_KEY_UISupportedInterfaceOrientations_iPhone = "UIInterfaceOrientationPortrait UIInterfaceOrientationLandscapeLeft UIInterfaceOrientationLandscapeRight";
				IPHONEOS_DEPLOYMENT_TARGET = 14.0;
				LD_RUNPATH_SEARCH_PATHS = (
					"$(inherited)",
					"@executable_path/Frameworks",
				);
				MARKETING_VERSION = 1.0;
				PRODUCT_BUNDLE_IDENTIFIER = "-11.InteractiveGameForBabies";
				PRODUCT_NAME = "$(TARGET_NAME)";
				SWIFT_EMIT_LOC_STRINGS = YES;
				SWIFT_VERSION = 5.0;
				TARGETED_DEVICE_FAMILY = "1,2";
			};
			name = Debug;
		};
		B33428F228575CD7008600DB /* Release */ = {
			isa = XCBuildConfiguration;
			buildSettings = {
				ASSETCATALOG_COMPILER_APPICON_NAME = AppIcon;
				ASSETCATALOG_COMPILER_GLOBAL_ACCENT_COLOR_NAME = AccentColor;
				CODE_SIGN_STYLE = Automatic;
				CURRENT_PROJECT_VERSION = 1;
				DEVELOPMENT_TEAM = 22RDDP38QF;
				GENERATE_INFOPLIST_FILE = YES;
				INFOPLIST_FILE = InteractiveGameForBabies/Info.plist;
				INFOPLIST_KEY_UIApplicationSupportsIndirectInputEvents = YES;
				INFOPLIST_KEY_UILaunchStoryboardName = LaunchScreen;
				INFOPLIST_KEY_UISupportedInterfaceOrientations_iPad = "UIInterfaceOrientationPortrait UIInterfaceOrientationPortraitUpsideDown UIInterfaceOrientationLandscapeLeft UIInterfaceOrientationLandscapeRight";
				INFOPLIST_KEY_UISupportedInterfaceOrientations_iPhone = "UIInterfaceOrientationPortrait UIInterfaceOrientationLandscapeLeft UIInterfaceOrientationLandscapeRight";
				IPHONEOS_DEPLOYMENT_TARGET = 14.0;
				LD_RUNPATH_SEARCH_PATHS = (
					"$(inherited)",
					"@executable_path/Frameworks",
				);
				MARKETING_VERSION = 1.0;
				PRODUCT_BUNDLE_IDENTIFIER = "-11.InteractiveGameForBabies";
				PRODUCT_NAME = "$(TARGET_NAME)";
				SWIFT_EMIT_LOC_STRINGS = YES;
				SWIFT_VERSION = 5.0;
				TARGETED_DEVICE_FAMILY = "1,2";
			};
			name = Release;
		};
		B33428F428575CD7008600DB /* Debug */ = {
			isa = XCBuildConfiguration;
			buildSettings = {
				ALWAYS_EMBED_SWIFT_STANDARD_LIBRARIES = YES;
				BUNDLE_LOADER = "$(TEST_HOST)";
				CODE_SIGN_STYLE = Automatic;
				CURRENT_PROJECT_VERSION = 1;
				DEVELOPMENT_TEAM = 22RDDP38QF;
				GENERATE_INFOPLIST_FILE = YES;
				IPHONEOS_DEPLOYMENT_TARGET = 15.5;
				MARKETING_VERSION = 1.0;
				PRODUCT_BUNDLE_IDENTIFIER = "-11.InteractiveGameForBabiesTests";
				PRODUCT_NAME = "$(TARGET_NAME)";
				SWIFT_EMIT_LOC_STRINGS = NO;
				SWIFT_VERSION = 5.0;
				TARGETED_DEVICE_FAMILY = "1,2";
				TEST_HOST = "$(BUILT_PRODUCTS_DIR)/InteractiveGameForBabies.app/InteractiveGameForBabies";
			};
			name = Debug;
		};
		B33428F528575CD7008600DB /* Release */ = {
			isa = XCBuildConfiguration;
			buildSettings = {
				ALWAYS_EMBED_SWIFT_STANDARD_LIBRARIES = YES;
				BUNDLE_LOADER = "$(TEST_HOST)";
				CODE_SIGN_STYLE = Automatic;
				CURRENT_PROJECT_VERSION = 1;
				DEVELOPMENT_TEAM = 22RDDP38QF;
				GENERATE_INFOPLIST_FILE = YES;
				IPHONEOS_DEPLOYMENT_TARGET = 15.5;
				MARKETING_VERSION = 1.0;
				PRODUCT_BUNDLE_IDENTIFIER = "-11.InteractiveGameForBabiesTests";
				PRODUCT_NAME = "$(TARGET_NAME)";
				SWIFT_EMIT_LOC_STRINGS = NO;
				SWIFT_VERSION = 5.0;
				TARGETED_DEVICE_FAMILY = "1,2";
				TEST_HOST = "$(BUILT_PRODUCTS_DIR)/InteractiveGameForBabies.app/InteractiveGameForBabies";
			};
			name = Release;
		};
		B33428F728575CD7008600DB /* Debug */ = {
			isa = XCBuildConfiguration;
			buildSettings = {
				ALWAYS_EMBED_SWIFT_STANDARD_LIBRARIES = YES;
				CODE_SIGN_STYLE = Automatic;
				CURRENT_PROJECT_VERSION = 1;
				DEVELOPMENT_TEAM = 22RDDP38QF;
				GENERATE_INFOPLIST_FILE = YES;
				MARKETING_VERSION = 1.0;
				PRODUCT_BUNDLE_IDENTIFIER = "-11.InteractiveGameForBabiesUITests";
				PRODUCT_NAME = "$(TARGET_NAME)";
				SWIFT_EMIT_LOC_STRINGS = NO;
				SWIFT_VERSION = 5.0;
				TARGETED_DEVICE_FAMILY = "1,2";
				TEST_TARGET_NAME = InteractiveGameForBabies;
			};
			name = Debug;
		};
		B33428F828575CD7008600DB /* Release */ = {
			isa = XCBuildConfiguration;
			buildSettings = {
				ALWAYS_EMBED_SWIFT_STANDARD_LIBRARIES = YES;
				CODE_SIGN_STYLE = Automatic;
				CURRENT_PROJECT_VERSION = 1;
				DEVELOPMENT_TEAM = 22RDDP38QF;
				GENERATE_INFOPLIST_FILE = YES;
				MARKETING_VERSION = 1.0;
				PRODUCT_BUNDLE_IDENTIFIER = "-11.InteractiveGameForBabiesUITests";
				PRODUCT_NAME = "$(TARGET_NAME)";
				SWIFT_EMIT_LOC_STRINGS = NO;
				SWIFT_VERSION = 5.0;
				TARGETED_DEVICE_FAMILY = "1,2";
				TEST_TARGET_NAME = InteractiveGameForBabies;
			};
			name = Release;
		};
/* End XCBuildConfiguration section */

/* Begin XCConfigurationList section */
		B33428C128575CD4008600DB /* Build configuration list for PBXProject "InteractiveGameForBabies" */ = {
			isa = XCConfigurationList;
			buildConfigurations = (
				B33428EE28575CD7008600DB /* Debug */,
				B33428EF28575CD7008600DB /* Release */,
			);
			defaultConfigurationIsVisible = 0;
			defaultConfigurationName = Release;
		};
		B33428F028575CD7008600DB /* Build configuration list for PBXNativeTarget "InteractiveGameForBabies" */ = {
			isa = XCConfigurationList;
			buildConfigurations = (
				B33428F128575CD7008600DB /* Debug */,
				B33428F228575CD7008600DB /* Release */,
			);
			defaultConfigurationIsVisible = 0;
			defaultConfigurationName = Release;
		};
		B33428F328575CD7008600DB /* Build configuration list for PBXNativeTarget "InteractiveGameForBabiesTests" */ = {
			isa = XCConfigurationList;
			buildConfigurations = (
				B33428F428575CD7008600DB /* Debug */,
				B33428F528575CD7008600DB /* Release */,
			);
			defaultConfigurationIsVisible = 0;
			defaultConfigurationName = Release;
		};
		B33428F628575CD7008600DB /* Build configuration list for PBXNativeTarget "InteractiveGameForBabiesUITests" */ = {
			isa = XCConfigurationList;
			buildConfigurations = (
				B33428F728575CD7008600DB /* Debug */,
				B33428F828575CD7008600DB /* Release */,
			);
			defaultConfigurationIsVisible = 0;
			defaultConfigurationName = Release;
		};
/* End XCConfigurationList section */
	};
	rootObject = B33428BE28575CD4008600DB /* Project object */;
}
